// !$*UTF8*$!
{
	archiveVersion = 1;
	classes = {
	};
	objectVersion = 46;
	objects = {

/* Begin PBXBuildFile section */
		471A6B0C1A58818800BC7C6E /* UIFont+Factory.m in Sources */ = {isa = PBXBuildFile; fileRef = 471A6B0B1A58818800BC7C6E /* UIFont+Factory.m */; };
		471A6B0F1A59326200BC7C6E /* WPGetPostsRequest.m in Sources */ = {isa = PBXBuildFile; fileRef = 471A6B0E1A59326200BC7C6E /* WPGetPostsRequest.m */; };
		471A6B131A5935BE00BC7C6E /* WPPostsResponse.m in Sources */ = {isa = PBXBuildFile; fileRef = 471A6B121A5935BE00BC7C6E /* WPPostsResponse.m */; };
		471A6B161A593ECA00BC7C6E /* WPPostsViewModel.m in Sources */ = {isa = PBXBuildFile; fileRef = 471A6B151A593ECA00BC7C6E /* WPPostsViewModel.m */; };
		471A6B1E1A594BD900BC7C6E /* WPPaginator.m in Sources */ = {isa = PBXBuildFile; fileRef = 471A6B1D1A594BD900BC7C6E /* WPPaginator.m */; };
		471A6B201A594C4700BC7C6E /* WPPaginatorTests.m in Sources */ = {isa = PBXBuildFile; fileRef = 471A6B1F1A594C4700BC7C6E /* WPPaginatorTests.m */; };
		471A6B221A5BE37D00BC7C6E /* WPPostsViewModelTests.m in Sources */ = {isa = PBXBuildFile; fileRef = 471A6B211A5BE37D00BC7C6E /* WPPostsViewModelTests.m */; };
		471A6B261A5BF92D00BC7C6E /* WPPostsViewController.m in Sources */ = {isa = PBXBuildFile; fileRef = 471A6B241A5BF92D00BC7C6E /* WPPostsViewController.m */; };
		471A6B271A5BF92D00BC7C6E /* WPPostsViewController.xib in Resources */ = {isa = PBXBuildFile; fileRef = 471A6B251A5BF92D00BC7C6E /* WPPostsViewController.xib */; };
		471A6B2A1A5BF9B700BC7C6E /* UITableView+RACCommand.m in Sources */ = {isa = PBXBuildFile; fileRef = 471A6B291A5BF9B700BC7C6E /* UITableView+RACCommand.m */; };
		4757C4D91A533EBC002AD7A2 /* main.m in Sources */ = {isa = PBXBuildFile; fileRef = 4757C4D81A533EBC002AD7A2 /* main.m */; };
		4757C4DC1A533EBC002AD7A2 /* AppDelegate.m in Sources */ = {isa = PBXBuildFile; fileRef = 4757C4DB1A533EBC002AD7A2 /* AppDelegate.m */; };
		4757C4E41A533EBC002AD7A2 /* Images.xcassets in Resources */ = {isa = PBXBuildFile; fileRef = 4757C4E31A533EBC002AD7A2 /* Images.xcassets */; };
		4757C4E71A533EBC002AD7A2 /* LaunchScreen.xib in Resources */ = {isa = PBXBuildFile; fileRef = 4757C4E51A533EBC002AD7A2 /* LaunchScreen.xib */; };
		4757C5001A534379002AD7A2 /* WPNavigationController.m in Sources */ = {isa = PBXBuildFile; fileRef = 4757C4FF1A534379002AD7A2 /* WPNavigationController.m */; };
		4757C5091A534F2C002AD7A2 /* WPViewModel.m in Sources */ = {isa = PBXBuildFile; fileRef = 4757C5081A534F2C002AD7A2 /* WPViewModel.m */; };
		4757C50C1A534F74002AD7A2 /* WPViewModel+Friend.m in Sources */ = {isa = PBXBuildFile; fileRef = 4757C50B1A534F74002AD7A2 /* WPViewModel+Friend.m */; };
		4757C5101A535229002AD7A2 /* WPRouter.m in Sources */ = {isa = PBXBuildFile; fileRef = 4757C50F1A535229002AD7A2 /* WPRouter.m */; };
		4757C5141A53DC03002AD7A2 /* UIViewController+RACExtension.m in Sources */ = {isa = PBXBuildFile; fileRef = 4757C5131A53DC03002AD7A2 /* UIViewController+RACExtension.m */; };
		4757C5171A53EC45002AD7A2 /* SDWebImageManager+RACExtension.m in Sources */ = {isa = PBXBuildFile; fileRef = 4757C5161A53EC45002AD7A2 /* SDWebImageManager+RACExtension.m */; };
		4757C51D1A540661002AD7A2 /* AFURLSessionManager+RACExtension.m in Sources */ = {isa = PBXBuildFile; fileRef = 4757C51C1A540661002AD7A2 /* AFURLSessionManager+RACExtension.m */; };
		4757C5251A54152B002AD7A2 /* WPSessionManager.m in Sources */ = {isa = PBXBuildFile; fileRef = 4757C5241A54152B002AD7A2 /* WPSessionManager.m */; };
		4757C5281A541662002AD7A2 /* WPRequest.m in Sources */ = {isa = PBXBuildFile; fileRef = 4757C5271A541662002AD7A2 /* WPRequest.m */; };
		4757C52B1A542EB9002AD7A2 /* WPObjectsSerializer.m in Sources */ = {isa = PBXBuildFile; fileRef = 4757C52A1A542EB9002AD7A2 /* WPObjectsSerializer.m */; };
		4757C52E1A543884002AD7A2 /* WPSessionManager+Protected.m in Sources */ = {isa = PBXBuildFile; fileRef = 4757C52D1A543884002AD7A2 /* WPSessionManager+Protected.m */; };
		4757C5321A547645002AD7A2 /* WPDefines.m in Sources */ = {isa = PBXBuildFile; fileRef = 4757C5311A547645002AD7A2 /* WPDefines.m */; };
		4757C53D1A54943E002AD7A2 /* WPError.m in Sources */ = {isa = PBXBuildFile; fileRef = 4757C53C1A54943E002AD7A2 /* WPError.m */; };
		4757C5401A5496A7002AD7A2 /* WPModel.m in Sources */ = {isa = PBXBuildFile; fileRef = 4757C53F1A5496A7002AD7A2 /* WPModel.m */; };
		4757C5461A554300002AD7A2 /* WPSite.m in Sources */ = {isa = PBXBuildFile; fileRef = 4757C5451A554300002AD7A2 /* WPSite.m */; };
		4757C5491A554C54002AD7A2 /* NSValueTransformer+Factory.m in Sources */ = {isa = PBXBuildFile; fileRef = 4757C5481A554C54002AD7A2 /* NSValueTransformer+Factory.m */; };
		4757C54C1A556D66002AD7A2 /* WPClient.m in Sources */ = {isa = PBXBuildFile; fileRef = 4757C54B1A556D66002AD7A2 /* WPClient.m */; };
		4757C54F1A557A02002AD7A2 /* WPSplashViewModel.m in Sources */ = {isa = PBXBuildFile; fileRef = 4757C54E1A557A02002AD7A2 /* WPSplashViewModel.m */; };
		4757C5521A557BE8002AD7A2 /* TestAppDelegate.m in Sources */ = {isa = PBXBuildFile; fileRef = 4757C5511A557BE8002AD7A2 /* TestAppDelegate.m */; };
		4757C5541A557D6C002AD7A2 /* WPSplashViewModelTests.m in Sources */ = {isa = PBXBuildFile; fileRef = 4757C5531A557D6C002AD7A2 /* WPSplashViewModelTests.m */; };
		4757C5581A5580F7002AD7A2 /* WPGetSiteRequest.m in Sources */ = {isa = PBXBuildFile; fileRef = 4757C5571A5580F7002AD7A2 /* WPGetSiteRequest.m */; };
		4757C55C1A55CB9F002AD7A2 /* WPSplashViewController.m in Sources */ = {isa = PBXBuildFile; fileRef = 4757C55A1A55CB9F002AD7A2 /* WPSplashViewController.m */; };
		4757C55D1A55CBA0002AD7A2 /* WPSplashViewController.xib in Resources */ = {isa = PBXBuildFile; fileRef = 4757C55B1A55CB9F002AD7A2 /* WPSplashViewController.xib */; };
		4757C5661A56C871002AD7A2 /* WPUser.m in Sources */ = {isa = PBXBuildFile; fileRef = 4757C5651A56C871002AD7A2 /* WPUser.m */; };
		4757C5691A56D082002AD7A2 /* WPPost.m in Sources */ = {isa = PBXBuildFile; fileRef = 4757C5681A56D082002AD7A2 /* WPPost.m */; };
		4757C56C1A5734C8002AD7A2 /* WPPostsItemViewModel.m in Sources */ = {isa = PBXBuildFile; fileRef = 4757C56B1A5734C8002AD7A2 /* WPPostsItemViewModel.m */; };
		4757C5711A5734F4002AD7A2 /* NSArray+RemovingNull.m in Sources */ = {isa = PBXBuildFile; fileRef = 4757C56E1A5734F4002AD7A2 /* NSArray+RemovingNull.m */; };
		4757C5721A5734F4002AD7A2 /* NSDictionary+RemovingNull.m in Sources */ = {isa = PBXBuildFile; fileRef = 4757C5701A5734F4002AD7A2 /* NSDictionary+RemovingNull.m */; };
		4757C5741A584135002AD7A2 /* WPPostsItemViewModelTests.m in Sources */ = {isa = PBXBuildFile; fileRef = 4757C5731A584135002AD7A2 /* WPPostsItemViewModelTests.m */; };
		4757C5771A5849EF002AD7A2 /* NSString+RemovingHTMLElements.m in Sources */ = {isa = PBXBuildFile; fileRef = 4757C5761A5849EF002AD7A2 /* NSString+RemovingHTMLElements.m */; };
		4757C57C1A587DA3002AD7A2 /* WPPostCell.m in Sources */ = {isa = PBXBuildFile; fileRef = 4757C57A1A587DA3002AD7A2 /* WPPostCell.m */; };
		4757C57D1A587DA3002AD7A2 /* WPPostCell.xib in Resources */ = {isa = PBXBuildFile; fileRef = 4757C57B1A587DA3002AD7A2 /* WPPostCell.xib */; };
		476722CA1A617AB000B2F38B /* WPRouter+Splash.m in Sources */ = {isa = PBXBuildFile; fileRef = 476722C91A617AB000B2F38B /* WPRouter+Splash.m */; };
		476722CD1A617B2900B2F38B /* WPRouter+Posts.m in Sources */ = {isa = PBXBuildFile; fileRef = 476722CC1A617B2900B2F38B /* WPRouter+Posts.m */; };
		773E9A071D74FF855947B55E /* libPods-Wordpress.a in Frameworks */ = {isa = PBXBuildFile; fileRef = 201F8ADE350358FD00AF60D7 /* libPods-Wordpress.a */; };
		E0D98095AE472232185F5CBA /* libPods-WordpressTests.a in Frameworks */ = {isa = PBXBuildFile; fileRef = FDD399AB25E2754D292BF3F2 /* libPods-WordpressTests.a */; };
/* End PBXBuildFile section */

/* Begin PBXContainerItemProxy section */
		4757C4ED1A533EBC002AD7A2 /* PBXContainerItemProxy */ = {
			isa = PBXContainerItemProxy;
			containerPortal = 4757C4CB1A533EBB002AD7A2 /* Project object */;
			proxyType = 1;
			remoteGlobalIDString = 4757C4D21A533EBC002AD7A2;
			remoteInfo = Wordpress;
		};
/* End PBXContainerItemProxy section */

/* Begin PBXFileReference section */
		201F8ADE350358FD00AF60D7 /* libPods-Wordpress.a */ = {isa = PBXFileReference; explicitFileType = archive.ar; includeInIndex = 0; path = "libPods-Wordpress.a"; sourceTree = BUILT_PRODUCTS_DIR; };
		471A6B0A1A58818800BC7C6E /* UIFont+Factory.h */ = {isa = PBXFileReference; fileEncoding = 4; lastKnownFileType = sourcecode.c.h; path = "UIFont+Factory.h"; sourceTree = "<group>"; };
		471A6B0B1A58818800BC7C6E /* UIFont+Factory.m */ = {isa = PBXFileReference; fileEncoding = 4; lastKnownFileType = sourcecode.c.objc; path = "UIFont+Factory.m"; sourceTree = "<group>"; };
		471A6B0D1A59326200BC7C6E /* WPGetPostsRequest.h */ = {isa = PBXFileReference; fileEncoding = 4; lastKnownFileType = sourcecode.c.h; path = WPGetPostsRequest.h; sourceTree = "<group>"; };
		471A6B0E1A59326200BC7C6E /* WPGetPostsRequest.m */ = {isa = PBXFileReference; fileEncoding = 4; lastKnownFileType = sourcecode.c.objc; path = WPGetPostsRequest.m; sourceTree = "<group>"; };
		471A6B111A5935BE00BC7C6E /* WPPostsResponse.h */ = {isa = PBXFileReference; fileEncoding = 4; lastKnownFileType = sourcecode.c.h; path = WPPostsResponse.h; sourceTree = "<group>"; };
		471A6B121A5935BE00BC7C6E /* WPPostsResponse.m */ = {isa = PBXFileReference; fileEncoding = 4; lastKnownFileType = sourcecode.c.objc; path = WPPostsResponse.m; sourceTree = "<group>"; };
		471A6B141A593ECA00BC7C6E /* WPPostsViewModel.h */ = {isa = PBXFileReference; fileEncoding = 4; lastKnownFileType = sourcecode.c.h; path = WPPostsViewModel.h; sourceTree = "<group>"; };
		471A6B151A593ECA00BC7C6E /* WPPostsViewModel.m */ = {isa = PBXFileReference; fileEncoding = 4; lastKnownFileType = sourcecode.c.objc; path = WPPostsViewModel.m; sourceTree = "<group>"; };
		471A6B1B1A594BD900BC7C6E /* WPPaginating.h */ = {isa = PBXFileReference; fileEncoding = 4; lastKnownFileType = sourcecode.c.h; path = WPPaginating.h; sourceTree = "<group>"; };
		471A6B1C1A594BD900BC7C6E /* WPPaginator.h */ = {isa = PBXFileReference; fileEncoding = 4; lastKnownFileType = sourcecode.c.h; path = WPPaginator.h; sourceTree = "<group>"; };
		471A6B1D1A594BD900BC7C6E /* WPPaginator.m */ = {isa = PBXFileReference; fileEncoding = 4; lastKnownFileType = sourcecode.c.objc; path = WPPaginator.m; sourceTree = "<group>"; };
		471A6B1F1A594C4700BC7C6E /* WPPaginatorTests.m */ = {isa = PBXFileReference; fileEncoding = 4; lastKnownFileType = sourcecode.c.objc; path = WPPaginatorTests.m; sourceTree = "<group>"; };
		471A6B211A5BE37D00BC7C6E /* WPPostsViewModelTests.m */ = {isa = PBXFileReference; fileEncoding = 4; lastKnownFileType = sourcecode.c.objc; path = WPPostsViewModelTests.m; sourceTree = "<group>"; };
		471A6B231A5BF92D00BC7C6E /* WPPostsViewController.h */ = {isa = PBXFileReference; fileEncoding = 4; lastKnownFileType = sourcecode.c.h; path = WPPostsViewController.h; sourceTree = "<group>"; };
		471A6B241A5BF92D00BC7C6E /* WPPostsViewController.m */ = {isa = PBXFileReference; fileEncoding = 4; lastKnownFileType = sourcecode.c.objc; path = WPPostsViewController.m; sourceTree = "<group>"; };
		471A6B251A5BF92D00BC7C6E /* WPPostsViewController.xib */ = {isa = PBXFileReference; fileEncoding = 4; lastKnownFileType = file.xib; path = WPPostsViewController.xib; sourceTree = "<group>"; };
		471A6B281A5BF9B700BC7C6E /* UITableView+RACCommand.h */ = {isa = PBXFileReference; fileEncoding = 4; lastKnownFileType = sourcecode.c.h; path = "UITableView+RACCommand.h"; sourceTree = "<group>"; };
		471A6B291A5BF9B700BC7C6E /* UITableView+RACCommand.m */ = {isa = PBXFileReference; fileEncoding = 4; lastKnownFileType = sourcecode.c.objc; path = "UITableView+RACCommand.m"; sourceTree = "<group>"; };
		4757C4D31A533EBC002AD7A2 /* Wordpress.app */ = {isa = PBXFileReference; explicitFileType = wrapper.application; includeInIndex = 0; path = Wordpress.app; sourceTree = BUILT_PRODUCTS_DIR; };
		4757C4D71A533EBC002AD7A2 /* Info.plist */ = {isa = PBXFileReference; lastKnownFileType = text.plist.xml; path = Info.plist; sourceTree = "<group>"; };
		4757C4D81A533EBC002AD7A2 /* main.m */ = {isa = PBXFileReference; lastKnownFileType = sourcecode.c.objc; path = main.m; sourceTree = "<group>"; };
		4757C4DA1A533EBC002AD7A2 /* AppDelegate.h */ = {isa = PBXFileReference; lastKnownFileType = sourcecode.c.h; path = AppDelegate.h; sourceTree = "<group>"; };
		4757C4DB1A533EBC002AD7A2 /* AppDelegate.m */ = {isa = PBXFileReference; lastKnownFileType = sourcecode.c.objc; path = AppDelegate.m; sourceTree = "<group>"; };
		4757C4E31A533EBC002AD7A2 /* Images.xcassets */ = {isa = PBXFileReference; lastKnownFileType = folder.assetcatalog; path = Images.xcassets; sourceTree = "<group>"; };
		4757C4E61A533EBC002AD7A2 /* Base */ = {isa = PBXFileReference; lastKnownFileType = file.xib; name = Base; path = Base.lproj/LaunchScreen.xib; sourceTree = "<group>"; };
		4757C4EC1A533EBC002AD7A2 /* WordpressTests.xctest */ = {isa = PBXFileReference; explicitFileType = wrapper.cfbundle; includeInIndex = 0; path = WordpressTests.xctest; sourceTree = BUILT_PRODUCTS_DIR; };
		4757C4F11A533EBC002AD7A2 /* Info.plist */ = {isa = PBXFileReference; lastKnownFileType = text.plist.xml; path = Info.plist; sourceTree = "<group>"; };
		4757C4FC1A534106002AD7A2 /* Wordpress-Prefix.pch */ = {isa = PBXFileReference; lastKnownFileType = sourcecode.c.h; path = "Wordpress-Prefix.pch"; sourceTree = "<group>"; };
		4757C4FE1A534379002AD7A2 /* WPNavigationController.h */ = {isa = PBXFileReference; fileEncoding = 4; lastKnownFileType = sourcecode.c.h; path = WPNavigationController.h; sourceTree = "<group>"; };
		4757C4FF1A534379002AD7A2 /* WPNavigationController.m */ = {isa = PBXFileReference; fileEncoding = 4; lastKnownFileType = sourcecode.c.objc; path = WPNavigationController.m; sourceTree = "<group>"; };
		4757C5071A534F2C002AD7A2 /* WPViewModel.h */ = {isa = PBXFileReference; fileEncoding = 4; lastKnownFileType = sourcecode.c.h; path = WPViewModel.h; sourceTree = "<group>"; };
		4757C5081A534F2C002AD7A2 /* WPViewModel.m */ = {isa = PBXFileReference; fileEncoding = 4; lastKnownFileType = sourcecode.c.objc; path = WPViewModel.m; sourceTree = "<group>"; };
		4757C50A1A534F74002AD7A2 /* WPViewModel+Friend.h */ = {isa = PBXFileReference; fileEncoding = 4; lastKnownFileType = sourcecode.c.h; path = "WPViewModel+Friend.h"; sourceTree = "<group>"; };
		4757C50B1A534F74002AD7A2 /* WPViewModel+Friend.m */ = {isa = PBXFileReference; fileEncoding = 4; lastKnownFileType = sourcecode.c.objc; path = "WPViewModel+Friend.m"; sourceTree = "<group>"; };
		4757C50E1A535229002AD7A2 /* WPRouter.h */ = {isa = PBXFileReference; fileEncoding = 4; lastKnownFileType = sourcecode.c.h; path = WPRouter.h; sourceTree = "<group>"; };
		4757C50F1A535229002AD7A2 /* WPRouter.m */ = {isa = PBXFileReference; fileEncoding = 4; lastKnownFileType = sourcecode.c.objc; path = WPRouter.m; sourceTree = "<group>"; };
		4757C5121A53DC03002AD7A2 /* UIViewController+RACExtension.h */ = {isa = PBXFileReference; fileEncoding = 4; lastKnownFileType = sourcecode.c.h; path = "UIViewController+RACExtension.h"; sourceTree = "<group>"; };
		4757C5131A53DC03002AD7A2 /* UIViewController+RACExtension.m */ = {isa = PBXFileReference; fileEncoding = 4; lastKnownFileType = sourcecode.c.objc; path = "UIViewController+RACExtension.m"; sourceTree = "<group>"; };
		4757C5151A53EC45002AD7A2 /* SDWebImageManager+RACExtension.h */ = {isa = PBXFileReference; fileEncoding = 4; lastKnownFileType = sourcecode.c.h; path = "SDWebImageManager+RACExtension.h"; sourceTree = "<group>"; };
		4757C5161A53EC45002AD7A2 /* SDWebImageManager+RACExtension.m */ = {isa = PBXFileReference; fileEncoding = 4; lastKnownFileType = sourcecode.c.objc; path = "SDWebImageManager+RACExtension.m"; sourceTree = "<group>"; };
		4757C51B1A540661002AD7A2 /* AFURLSessionManager+RACExtension.h */ = {isa = PBXFileReference; fileEncoding = 4; lastKnownFileType = sourcecode.c.h; path = "AFURLSessionManager+RACExtension.h"; sourceTree = "<group>"; };
		4757C51C1A540661002AD7A2 /* AFURLSessionManager+RACExtension.m */ = {isa = PBXFileReference; fileEncoding = 4; lastKnownFileType = sourcecode.c.objc; path = "AFURLSessionManager+RACExtension.m"; sourceTree = "<group>"; };
		4757C5231A54152B002AD7A2 /* WPSessionManager.h */ = {isa = PBXFileReference; fileEncoding = 4; lastKnownFileType = sourcecode.c.h; path = WPSessionManager.h; sourceTree = "<group>"; };
		4757C5241A54152B002AD7A2 /* WPSessionManager.m */ = {isa = PBXFileReference; fileEncoding = 4; lastKnownFileType = sourcecode.c.objc; path = WPSessionManager.m; sourceTree = "<group>"; };
		4757C5261A541662002AD7A2 /* WPRequest.h */ = {isa = PBXFileReference; fileEncoding = 4; lastKnownFileType = sourcecode.c.h; path = WPRequest.h; sourceTree = "<group>"; };
		4757C5271A541662002AD7A2 /* WPRequest.m */ = {isa = PBXFileReference; fileEncoding = 4; lastKnownFileType = sourcecode.c.objc; path = WPRequest.m; sourceTree = "<group>"; };
		4757C5291A542EB9002AD7A2 /* WPObjectsSerializer.h */ = {isa = PBXFileReference; fileEncoding = 4; lastKnownFileType = sourcecode.c.h; path = WPObjectsSerializer.h; sourceTree = "<group>"; };
		4757C52A1A542EB9002AD7A2 /* WPObjectsSerializer.m */ = {isa = PBXFileReference; fileEncoding = 4; lastKnownFileType = sourcecode.c.objc; path = WPObjectsSerializer.m; sourceTree = "<group>"; };
		4757C52C1A543884002AD7A2 /* WPSessionManager+Protected.h */ = {isa = PBXFileReference; fileEncoding = 4; lastKnownFileType = sourcecode.c.h; path = "WPSessionManager+Protected.h"; sourceTree = "<group>"; };
		4757C52D1A543884002AD7A2 /* WPSessionManager+Protected.m */ = {isa = PBXFileReference; fileEncoding = 4; lastKnownFileType = sourcecode.c.objc; path = "WPSessionManager+Protected.m"; sourceTree = "<group>"; };
		4757C5301A547645002AD7A2 /* WPDefines.h */ = {isa = PBXFileReference; fileEncoding = 4; lastKnownFileType = sourcecode.c.h; path = WPDefines.h; sourceTree = "<group>"; };
		4757C5311A547645002AD7A2 /* WPDefines.m */ = {isa = PBXFileReference; fileEncoding = 4; lastKnownFileType = sourcecode.c.objc; path = WPDefines.m; sourceTree = "<group>"; };
		4757C53B1A54943E002AD7A2 /* WPError.h */ = {isa = PBXFileReference; fileEncoding = 4; lastKnownFileType = sourcecode.c.h; path = WPError.h; sourceTree = "<group>"; };
		4757C53C1A54943E002AD7A2 /* WPError.m */ = {isa = PBXFileReference; fileEncoding = 4; lastKnownFileType = sourcecode.c.objc; path = WPError.m; sourceTree = "<group>"; };
		4757C53E1A5496A7002AD7A2 /* WPModel.h */ = {isa = PBXFileReference; fileEncoding = 4; lastKnownFileType = sourcecode.c.h; path = WPModel.h; sourceTree = "<group>"; };
		4757C53F1A5496A7002AD7A2 /* WPModel.m */ = {isa = PBXFileReference; fileEncoding = 4; lastKnownFileType = sourcecode.c.objc; path = WPModel.m; sourceTree = "<group>"; };
		4757C5441A554300002AD7A2 /* WPSite.h */ = {isa = PBXFileReference; fileEncoding = 4; lastKnownFileType = sourcecode.c.h; path = WPSite.h; sourceTree = "<group>"; };
		4757C5451A554300002AD7A2 /* WPSite.m */ = {isa = PBXFileReference; fileEncoding = 4; lastKnownFileType = sourcecode.c.objc; path = WPSite.m; sourceTree = "<group>"; };
		4757C5471A554C54002AD7A2 /* NSValueTransformer+Factory.h */ = {isa = PBXFileReference; fileEncoding = 4; lastKnownFileType = sourcecode.c.h; path = "NSValueTransformer+Factory.h"; sourceTree = "<group>"; };
		4757C5481A554C54002AD7A2 /* NSValueTransformer+Factory.m */ = {isa = PBXFileReference; fileEncoding = 4; lastKnownFileType = sourcecode.c.objc; path = "NSValueTransformer+Factory.m"; sourceTree = "<group>"; };
		4757C54A1A556D66002AD7A2 /* WPClient.h */ = {isa = PBXFileReference; fileEncoding = 4; lastKnownFileType = sourcecode.c.h; path = WPClient.h; sourceTree = "<group>"; };
		4757C54B1A556D66002AD7A2 /* WPClient.m */ = {isa = PBXFileReference; fileEncoding = 4; lastKnownFileType = sourcecode.c.objc; path = WPClient.m; sourceTree = "<group>"; };
		4757C54D1A557A02002AD7A2 /* WPSplashViewModel.h */ = {isa = PBXFileReference; fileEncoding = 4; lastKnownFileType = sourcecode.c.h; path = WPSplashViewModel.h; sourceTree = "<group>"; };
		4757C54E1A557A02002AD7A2 /* WPSplashViewModel.m */ = {isa = PBXFileReference; fileEncoding = 4; lastKnownFileType = sourcecode.c.objc; path = WPSplashViewModel.m; sourceTree = "<group>"; };
		4757C5501A557BE8002AD7A2 /* TestAppDelegate.h */ = {isa = PBXFileReference; fileEncoding = 4; lastKnownFileType = sourcecode.c.h; path = TestAppDelegate.h; sourceTree = "<group>"; };
		4757C5511A557BE8002AD7A2 /* TestAppDelegate.m */ = {isa = PBXFileReference; fileEncoding = 4; lastKnownFileType = sourcecode.c.objc; path = TestAppDelegate.m; sourceTree = "<group>"; };
		4757C5531A557D6C002AD7A2 /* WPSplashViewModelTests.m */ = {isa = PBXFileReference; fileEncoding = 4; lastKnownFileType = sourcecode.c.objc; path = WPSplashViewModelTests.m; sourceTree = "<group>"; };
		4757C5561A5580F7002AD7A2 /* WPGetSiteRequest.h */ = {isa = PBXFileReference; fileEncoding = 4; lastKnownFileType = sourcecode.c.h; path = WPGetSiteRequest.h; sourceTree = "<group>"; };
		4757C5571A5580F7002AD7A2 /* WPGetSiteRequest.m */ = {isa = PBXFileReference; fileEncoding = 4; lastKnownFileType = sourcecode.c.objc; path = WPGetSiteRequest.m; sourceTree = "<group>"; };
		4757C5591A55CB9F002AD7A2 /* WPSplashViewController.h */ = {isa = PBXFileReference; fileEncoding = 4; lastKnownFileType = sourcecode.c.h; path = WPSplashViewController.h; sourceTree = "<group>"; };
		4757C55A1A55CB9F002AD7A2 /* WPSplashViewController.m */ = {isa = PBXFileReference; fileEncoding = 4; lastKnownFileType = sourcecode.c.objc; path = WPSplashViewController.m; sourceTree = "<group>"; };
		4757C55B1A55CB9F002AD7A2 /* WPSplashViewController.xib */ = {isa = PBXFileReference; fileEncoding = 4; lastKnownFileType = file.xib; path = WPSplashViewController.xib; sourceTree = "<group>"; };
		4757C5641A56C871002AD7A2 /* WPUser.h */ = {isa = PBXFileReference; fileEncoding = 4; lastKnownFileType = sourcecode.c.h; path = WPUser.h; sourceTree = "<group>"; };
		4757C5651A56C871002AD7A2 /* WPUser.m */ = {isa = PBXFileReference; fileEncoding = 4; lastKnownFileType = sourcecode.c.objc; path = WPUser.m; sourceTree = "<group>"; };
		4757C5671A56D082002AD7A2 /* WPPost.h */ = {isa = PBXFileReference; fileEncoding = 4; lastKnownFileType = sourcecode.c.h; path = WPPost.h; sourceTree = "<group>"; };
		4757C5681A56D082002AD7A2 /* WPPost.m */ = {isa = PBXFileReference; fileEncoding = 4; lastKnownFileType = sourcecode.c.objc; path = WPPost.m; sourceTree = "<group>"; };
		4757C56A1A5734C8002AD7A2 /* WPPostsItemViewModel.h */ = {isa = PBXFileReference; fileEncoding = 4; lastKnownFileType = sourcecode.c.h; path = WPPostsItemViewModel.h; sourceTree = "<group>"; };
		4757C56B1A5734C8002AD7A2 /* WPPostsItemViewModel.m */ = {isa = PBXFileReference; fileEncoding = 4; lastKnownFileType = sourcecode.c.objc; path = WPPostsItemViewModel.m; sourceTree = "<group>"; };
		4757C56D1A5734F4002AD7A2 /* NSArray+RemovingNull.h */ = {isa = PBXFileReference; fileEncoding = 4; lastKnownFileType = sourcecode.c.h; path = "NSArray+RemovingNull.h"; sourceTree = "<group>"; };
		4757C56E1A5734F4002AD7A2 /* NSArray+RemovingNull.m */ = {isa = PBXFileReference; fileEncoding = 4; lastKnownFileType = sourcecode.c.objc; path = "NSArray+RemovingNull.m"; sourceTree = "<group>"; };
		4757C56F1A5734F4002AD7A2 /* NSDictionary+RemovingNull.h */ = {isa = PBXFileReference; fileEncoding = 4; lastKnownFileType = sourcecode.c.h; path = "NSDictionary+RemovingNull.h"; sourceTree = "<group>"; };
		4757C5701A5734F4002AD7A2 /* NSDictionary+RemovingNull.m */ = {isa = PBXFileReference; fileEncoding = 4; lastKnownFileType = sourcecode.c.objc; path = "NSDictionary+RemovingNull.m"; sourceTree = "<group>"; };
		4757C5731A584135002AD7A2 /* WPPostsItemViewModelTests.m */ = {isa = PBXFileReference; fileEncoding = 4; lastKnownFileType = sourcecode.c.objc; path = WPPostsItemViewModelTests.m; sourceTree = "<group>"; };
		4757C5751A5849EF002AD7A2 /* NSString+RemovingHTMLElements.h */ = {isa = PBXFileReference; fileEncoding = 4; lastKnownFileType = sourcecode.c.h; path = "NSString+RemovingHTMLElements.h"; sourceTree = "<group>"; };
		4757C5761A5849EF002AD7A2 /* NSString+RemovingHTMLElements.m */ = {isa = PBXFileReference; fileEncoding = 4; lastKnownFileType = sourcecode.c.objc; path = "NSString+RemovingHTMLElements.m"; sourceTree = "<group>"; };
		4757C5791A587DA3002AD7A2 /* WPPostCell.h */ = {isa = PBXFileReference; fileEncoding = 4; lastKnownFileType = sourcecode.c.h; path = WPPostCell.h; sourceTree = "<group>"; };
		4757C57A1A587DA3002AD7A2 /* WPPostCell.m */ = {isa = PBXFileReference; fileEncoding = 4; lastKnownFileType = sourcecode.c.objc; path = WPPostCell.m; sourceTree = "<group>"; };
		4757C57B1A587DA3002AD7A2 /* WPPostCell.xib */ = {isa = PBXFileReference; fileEncoding = 4; lastKnownFileType = file.xib; path = WPPostCell.xib; sourceTree = "<group>"; };
		476722C81A617AB000B2F38B /* WPRouter+Splash.h */ = {isa = PBXFileReference; fileEncoding = 4; lastKnownFileType = sourcecode.c.h; path = "WPRouter+Splash.h"; sourceTree = "<group>"; };
		476722C91A617AB000B2F38B /* WPRouter+Splash.m */ = {isa = PBXFileReference; fileEncoding = 4; lastKnownFileType = sourcecode.c.objc; path = "WPRouter+Splash.m"; sourceTree = "<group>"; };
		476722CB1A617B2900B2F38B /* WPRouter+Posts.h */ = {isa = PBXFileReference; fileEncoding = 4; lastKnownFileType = sourcecode.c.h; path = "WPRouter+Posts.h"; sourceTree = "<group>"; };
		476722CC1A617B2900B2F38B /* WPRouter+Posts.m */ = {isa = PBXFileReference; fileEncoding = 4; lastKnownFileType = sourcecode.c.objc; path = "WPRouter+Posts.m"; sourceTree = "<group>"; };
		4C0F093EBB11579D5EE8DEA0 /* Pods-WordpressTests.release.xcconfig */ = {isa = PBXFileReference; includeInIndex = 1; lastKnownFileType = text.xcconfig; name = "Pods-WordpressTests.release.xcconfig"; path = "Pods/Target Support Files/Pods-WordpressTests/Pods-WordpressTests.release.xcconfig"; sourceTree = "<group>"; };
		ADA8E31BA11BE7095F813C1F /* Pods-WordpressTests.debug.xcconfig */ = {isa = PBXFileReference; includeInIndex = 1; lastKnownFileType = text.xcconfig; name = "Pods-WordpressTests.debug.xcconfig"; path = "Pods/Target Support Files/Pods-WordpressTests/Pods-WordpressTests.debug.xcconfig"; sourceTree = "<group>"; };
		D6E17668CEA29657512D7E7C /* Pods-Wordpress.debug.xcconfig */ = {isa = PBXFileReference; includeInIndex = 1; lastKnownFileType = text.xcconfig; name = "Pods-Wordpress.debug.xcconfig"; path = "Pods/Target Support Files/Pods-Wordpress/Pods-Wordpress.debug.xcconfig"; sourceTree = "<group>"; };
		F23A3ADAA0C46EF1B7C2FCE6 /* Pods-Wordpress.release.xcconfig */ = {isa = PBXFileReference; includeInIndex = 1; lastKnownFileType = text.xcconfig; name = "Pods-Wordpress.release.xcconfig"; path = "Pods/Target Support Files/Pods-Wordpress/Pods-Wordpress.release.xcconfig"; sourceTree = "<group>"; };
		FDD399AB25E2754D292BF3F2 /* libPods-WordpressTests.a */ = {isa = PBXFileReference; explicitFileType = archive.ar; includeInIndex = 0; path = "libPods-WordpressTests.a"; sourceTree = BUILT_PRODUCTS_DIR; };
/* End PBXFileReference section */

/* Begin PBXFrameworksBuildPhase section */
		4757C4D01A533EBC002AD7A2 /* Frameworks */ = {
			isa = PBXFrameworksBuildPhase;
			buildActionMask = 2147483647;
			files = (
				773E9A071D74FF855947B55E /* libPods-Wordpress.a in Frameworks */,
			);
			runOnlyForDeploymentPostprocessing = 0;
		};
		4757C4E91A533EBC002AD7A2 /* Frameworks */ = {
			isa = PBXFrameworksBuildPhase;
			buildActionMask = 2147483647;
			files = (
				E0D98095AE472232185F5CBA /* libPods-WordpressTests.a in Frameworks */,
			);
			runOnlyForDeploymentPostprocessing = 0;
		};
/* End PBXFrameworksBuildPhase section */

/* Begin PBXGroup section */
		056019EEF0027A99663A97B4 /* Pods */ = {
			isa = PBXGroup;
			children = (
				D6E17668CEA29657512D7E7C /* Pods-Wordpress.debug.xcconfig */,
				F23A3ADAA0C46EF1B7C2FCE6 /* Pods-Wordpress.release.xcconfig */,
				ADA8E31BA11BE7095F813C1F /* Pods-WordpressTests.debug.xcconfig */,
				4C0F093EBB11579D5EE8DEA0 /* Pods-WordpressTests.release.xcconfig */,
			);
			name = Pods;
			sourceTree = "<group>";
		};
		471A6B101A5935A700BC7C6E /* Responses */ = {
			isa = PBXGroup;
			children = (
				471A6B111A5935BE00BC7C6E /* WPPostsResponse.h */,
				471A6B121A5935BE00BC7C6E /* WPPostsResponse.m */,
			);
			path = Responses;
			sourceTree = "<group>";
		};
		4757C4CA1A533EBB002AD7A2 = {
			isa = PBXGroup;
			children = (
				4757C4D51A533EBC002AD7A2 /* Wordpress */,
				4757C4EF1A533EBC002AD7A2 /* WordpressTests */,
				4757C4D41A533EBC002AD7A2 /* Products */,
				056019EEF0027A99663A97B4 /* Pods */,
				67B77CCC5243F88B9ACE190C /* Frameworks */,
			);
			sourceTree = "<group>";
		};
		4757C4D41A533EBC002AD7A2 /* Products */ = {
			isa = PBXGroup;
			children = (
				4757C4D31A533EBC002AD7A2 /* Wordpress.app */,
				4757C4EC1A533EBC002AD7A2 /* WordpressTests.xctest */,
			);
			name = Products;
			sourceTree = "<group>";
		};
		4757C4D51A533EBC002AD7A2 /* Wordpress */ = {
			isa = PBXGroup;
			children = (
				4757C50D1A5351E3002AD7A2 /* Router */,
				4757C53A1A54795A002AD7A2 /* Models */,
				4757C5061A534F17002AD7A2 /* ViewModels */,
				4757C4FD1A53424A002AD7A2 /* ViewControllers */,
				4757C5781A587D76002AD7A2 /* View */,
				4757C51E1A54138E002AD7A2 /* Network */,
				4757C5111A53DBE0002AD7A2 /* Categories */,
				4757C4DA1A533EBC002AD7A2 /* AppDelegate.h */,
				4757C4DB1A533EBC002AD7A2 /* AppDelegate.m */,
				4757C4E31A533EBC002AD7A2 /* Images.xcassets */,
				4757C4E51A533EBC002AD7A2 /* LaunchScreen.xib */,
				4757C4D61A533EBC002AD7A2 /* Supporting Files */,
				4757C5301A547645002AD7A2 /* WPDefines.h */,
				4757C5311A547645002AD7A2 /* WPDefines.m */,
			);
			path = Wordpress;
			sourceTree = "<group>";
		};
		4757C4D61A533EBC002AD7A2 /* Supporting Files */ = {
			isa = PBXGroup;
			children = (
				4757C4D71A533EBC002AD7A2 /* Info.plist */,
				4757C4D81A533EBC002AD7A2 /* main.m */,
				4757C4FC1A534106002AD7A2 /* Wordpress-Prefix.pch */,
			);
			name = "Supporting Files";
			sourceTree = "<group>";
		};
		4757C4EF1A533EBC002AD7A2 /* WordpressTests */ = {
			isa = PBXGroup;
			children = (
				4757C5531A557D6C002AD7A2 /* WPSplashViewModelTests.m */,
				4757C5731A584135002AD7A2 /* WPPostsItemViewModelTests.m */,
				471A6B1F1A594C4700BC7C6E /* WPPaginatorTests.m */,
				471A6B211A5BE37D00BC7C6E /* WPPostsViewModelTests.m */,
				4757C5501A557BE8002AD7A2 /* TestAppDelegate.h */,
				4757C5511A557BE8002AD7A2 /* TestAppDelegate.m */,
				4757C4F01A533EBC002AD7A2 /* Supporting Files */,
			);
			path = WordpressTests;
			sourceTree = "<group>";
		};
		4757C4F01A533EBC002AD7A2 /* Supporting Files */ = {
			isa = PBXGroup;
			children = (
				4757C4F11A533EBC002AD7A2 /* Info.plist */,
			);
			name = "Supporting Files";
			sourceTree = "<group>";
		};
		4757C4FD1A53424A002AD7A2 /* ViewControllers */ = {
			isa = PBXGroup;
			children = (
				4757C4FE1A534379002AD7A2 /* WPNavigationController.h */,
				4757C4FF1A534379002AD7A2 /* WPNavigationController.m */,
				4757C5591A55CB9F002AD7A2 /* WPSplashViewController.h */,
				4757C55A1A55CB9F002AD7A2 /* WPSplashViewController.m */,
				4757C55B1A55CB9F002AD7A2 /* WPSplashViewController.xib */,
				471A6B231A5BF92D00BC7C6E /* WPPostsViewController.h */,
				471A6B241A5BF92D00BC7C6E /* WPPostsViewController.m */,
				471A6B251A5BF92D00BC7C6E /* WPPostsViewController.xib */,
			);
			path = ViewControllers;
			sourceTree = "<group>";
		};
		4757C5061A534F17002AD7A2 /* ViewModels */ = {
			isa = PBXGroup;
			children = (
				4757C5071A534F2C002AD7A2 /* WPViewModel.h */,
				4757C5081A534F2C002AD7A2 /* WPViewModel.m */,
				4757C50A1A534F74002AD7A2 /* WPViewModel+Friend.h */,
				4757C50B1A534F74002AD7A2 /* WPViewModel+Friend.m */,
				4757C54D1A557A02002AD7A2 /* WPSplashViewModel.h */,
				4757C54E1A557A02002AD7A2 /* WPSplashViewModel.m */,
				471A6B141A593ECA00BC7C6E /* WPPostsViewModel.h */,
				471A6B151A593ECA00BC7C6E /* WPPostsViewModel.m */,
				4757C56A1A5734C8002AD7A2 /* WPPostsItemViewModel.h */,
				4757C56B1A5734C8002AD7A2 /* WPPostsItemViewModel.m */,
			);
			path = ViewModels;
			sourceTree = "<group>";
		};
		4757C50D1A5351E3002AD7A2 /* Router */ = {
			isa = PBXGroup;
			children = (
				4757C50E1A535229002AD7A2 /* WPRouter.h */,
				4757C50F1A535229002AD7A2 /* WPRouter.m */,
				476722C81A617AB000B2F38B /* WPRouter+Splash.h */,
				476722C91A617AB000B2F38B /* WPRouter+Splash.m */,
				476722CB1A617B2900B2F38B /* WPRouter+Posts.h */,
				476722CC1A617B2900B2F38B /* WPRouter+Posts.m */,
			);
			path = Router;
			sourceTree = "<group>";
		};
		4757C5111A53DBE0002AD7A2 /* Categories */ = {
			isa = PBXGroup;
			children = (
				471A6B281A5BF9B700BC7C6E /* UITableView+RACCommand.h */,
				471A6B291A5BF9B700BC7C6E /* UITableView+RACCommand.m */,
				4757C5121A53DC03002AD7A2 /* UIViewController+RACExtension.h */,
				4757C5131A53DC03002AD7A2 /* UIViewController+RACExtension.m */,
				4757C5151A53EC45002AD7A2 /* SDWebImageManager+RACExtension.h */,
				4757C5161A53EC45002AD7A2 /* SDWebImageManager+RACExtension.m */,
				4757C51B1A540661002AD7A2 /* AFURLSessionManager+RACExtension.h */,
				4757C51C1A540661002AD7A2 /* AFURLSessionManager+RACExtension.m */,
				4757C5471A554C54002AD7A2 /* NSValueTransformer+Factory.h */,
				4757C5481A554C54002AD7A2 /* NSValueTransformer+Factory.m */,
				471A6B0A1A58818800BC7C6E /* UIFont+Factory.h */,
				471A6B0B1A58818800BC7C6E /* UIFont+Factory.m */,
				4757C56D1A5734F4002AD7A2 /* NSArray+RemovingNull.h */,
				4757C56E1A5734F4002AD7A2 /* NSArray+RemovingNull.m */,
				4757C56F1A5734F4002AD7A2 /* NSDictionary+RemovingNull.h */,
				4757C5701A5734F4002AD7A2 /* NSDictionary+RemovingNull.m */,
				4757C5751A5849EF002AD7A2 /* NSString+RemovingHTMLElements.h */,
				4757C5761A5849EF002AD7A2 /* NSString+RemovingHTMLElements.m */,
			);
			path = Categories;
			sourceTree = "<group>";
		};
		4757C51E1A54138E002AD7A2 /* Network */ = {
			isa = PBXGroup;
			children = (
				4757C5221A54152B002AD7A2 /* Core */,
				4757C5551A5580AE002AD7A2 /* Requests */,
				471A6B101A5935A700BC7C6E /* Responses */,
				4757C54A1A556D66002AD7A2 /* WPClient.h */,
				4757C54B1A556D66002AD7A2 /* WPClient.m */,
			);
			path = Network;
			sourceTree = "<group>";
		};
		4757C5221A54152B002AD7A2 /* Core */ = {
			isa = PBXGroup;
			children = (
				4757C5261A541662002AD7A2 /* WPRequest.h */,
				4757C5271A541662002AD7A2 /* WPRequest.m */,
				4757C5291A542EB9002AD7A2 /* WPObjectsSerializer.h */,
				4757C52A1A542EB9002AD7A2 /* WPObjectsSerializer.m */,
				4757C5231A54152B002AD7A2 /* WPSessionManager.h */,
				4757C5241A54152B002AD7A2 /* WPSessionManager.m */,
				4757C52C1A543884002AD7A2 /* WPSessionManager+Protected.h */,
				4757C52D1A543884002AD7A2 /* WPSessionManager+Protected.m */,
				471A6B1B1A594BD900BC7C6E /* WPPaginating.h */,
				471A6B1C1A594BD900BC7C6E /* WPPaginator.h */,
				471A6B1D1A594BD900BC7C6E /* WPPaginator.m */,
			);
			path = Core;
			sourceTree = "<group>";
		};
		4757C53A1A54795A002AD7A2 /* Models */ = {
			isa = PBXGroup;
			children = (
				4757C53E1A5496A7002AD7A2 /* WPModel.h */,
				4757C53F1A5496A7002AD7A2 /* WPModel.m */,
				4757C53B1A54943E002AD7A2 /* WPError.h */,
				4757C53C1A54943E002AD7A2 /* WPError.m */,
				4757C5441A554300002AD7A2 /* WPSite.h */,
				4757C5451A554300002AD7A2 /* WPSite.m */,
				4757C5641A56C871002AD7A2 /* WPUser.h */,
				4757C5651A56C871002AD7A2 /* WPUser.m */,
				4757C5671A56D082002AD7A2 /* WPPost.h */,
				4757C5681A56D082002AD7A2 /* WPPost.m */,
			);
			path = Models;
			sourceTree = "<group>";
		};
		4757C5551A5580AE002AD7A2 /* Requests */ = {
			isa = PBXGroup;
			children = (
				4757C5561A5580F7002AD7A2 /* WPGetSiteRequest.h */,
				4757C5571A5580F7002AD7A2 /* WPGetSiteRequest.m */,
				471A6B0D1A59326200BC7C6E /* WPGetPostsRequest.h */,
				471A6B0E1A59326200BC7C6E /* WPGetPostsRequest.m */,
			);
			path = Requests;
			sourceTree = "<group>";
		};
		4757C5781A587D76002AD7A2 /* View */ = {
			isa = PBXGroup;
			children = (
				4757C5791A587DA3002AD7A2 /* WPPostCell.h */,
				4757C57A1A587DA3002AD7A2 /* WPPostCell.m */,
				4757C57B1A587DA3002AD7A2 /* WPPostCell.xib */,
			);
			path = View;
			sourceTree = "<group>";
		};
		67B77CCC5243F88B9ACE190C /* Frameworks */ = {
			isa = PBXGroup;
			children = (
				201F8ADE350358FD00AF60D7 /* libPods-Wordpress.a */,
				FDD399AB25E2754D292BF3F2 /* libPods-WordpressTests.a */,
			);
			name = Frameworks;
			sourceTree = "<group>";
		};
/* End PBXGroup section */

/* Begin PBXNativeTarget section */
		4757C4D21A533EBC002AD7A2 /* Wordpress */ = {
			isa = PBXNativeTarget;
			buildConfigurationList = 4757C4F61A533EBC002AD7A2 /* Build configuration list for PBXNativeTarget "Wordpress" */;
			buildPhases = (
				E87BAB596E3C57B904263D56 /* Check Pods Manifest.lock */,
				4757C4CF1A533EBC002AD7A2 /* Sources */,
				4757C4D01A533EBC002AD7A2 /* Frameworks */,
				4757C4D11A533EBC002AD7A2 /* Resources */,
				A99CD62551A08911909E70D4 /* Copy Pods Resources */,
			);
			buildRules = (
			);
			dependencies = (
			);
			name = Wordpress;
			productName = Wordpress;
			productReference = 4757C4D31A533EBC002AD7A2 /* Wordpress.app */;
			productType = "com.apple.product-type.application";
		};
		4757C4EB1A533EBC002AD7A2 /* WordpressTests */ = {
			isa = PBXNativeTarget;
			buildConfigurationList = 4757C4F91A533EBC002AD7A2 /* Build configuration list for PBXNativeTarget "WordpressTests" */;
			buildPhases = (
				FAC5565B00193165E72C9794 /* Check Pods Manifest.lock */,
				4757C4E81A533EBC002AD7A2 /* Sources */,
				4757C4E91A533EBC002AD7A2 /* Frameworks */,
				4757C4EA1A533EBC002AD7A2 /* Resources */,
				41EF8BB691A7CE36B20ED666 /* Copy Pods Resources */,
			);
			buildRules = (
			);
			dependencies = (
				4757C4EE1A533EBC002AD7A2 /* PBXTargetDependency */,
			);
			name = WordpressTests;
			productName = WordpressTests;
			productReference = 4757C4EC1A533EBC002AD7A2 /* WordpressTests.xctest */;
			productType = "com.apple.product-type.bundle.unit-test";
		};
/* End PBXNativeTarget section */

/* Begin PBXProject section */
		4757C4CB1A533EBB002AD7A2 /* Project object */ = {
			isa = PBXProject;
			attributes = {
				CLASSPREFIX = WP;
				LastUpgradeCheck = 0610;
				ORGANIZATIONNAME = "Evgeniy Yurtaev";
				TargetAttributes = {
					4757C4D21A533EBC002AD7A2 = {
						CreatedOnToolsVersion = 6.1.1;
					};
					4757C4EB1A533EBC002AD7A2 = {
						CreatedOnToolsVersion = 6.1.1;
						TestTargetID = 4757C4D21A533EBC002AD7A2;
					};
				};
			};
			buildConfigurationList = 4757C4CE1A533EBB002AD7A2 /* Build configuration list for PBXProject "Wordpress" */;
			compatibilityVersion = "Xcode 3.2";
			developmentRegion = English;
			hasScannedForEncodings = 0;
			knownRegions = (
				en,
				Base,
			);
			mainGroup = 4757C4CA1A533EBB002AD7A2;
			productRefGroup = 4757C4D41A533EBC002AD7A2 /* Products */;
			projectDirPath = "";
			projectRoot = "";
			targets = (
				4757C4D21A533EBC002AD7A2 /* Wordpress */,
				4757C4EB1A533EBC002AD7A2 /* WordpressTests */,
			);
		};
/* End PBXProject section */

/* Begin PBXResourcesBuildPhase section */
		4757C4D11A533EBC002AD7A2 /* Resources */ = {
			isa = PBXResourcesBuildPhase;
			buildActionMask = 2147483647;
			files = (
				471A6B271A5BF92D00BC7C6E /* WPPostsViewController.xib in Resources */,
				4757C57D1A587DA3002AD7A2 /* WPPostCell.xib in Resources */,
				4757C55D1A55CBA0002AD7A2 /* WPSplashViewController.xib in Resources */,
				4757C4E71A533EBC002AD7A2 /* LaunchScreen.xib in Resources */,
				4757C4E41A533EBC002AD7A2 /* Images.xcassets in Resources */,
			);
			runOnlyForDeploymentPostprocessing = 0;
		};
		4757C4EA1A533EBC002AD7A2 /* Resources */ = {
			isa = PBXResourcesBuildPhase;
			buildActionMask = 2147483647;
			files = (
			);
			runOnlyForDeploymentPostprocessing = 0;
		};
/* End PBXResourcesBuildPhase section */

/* Begin PBXShellScriptBuildPhase section */
		41EF8BB691A7CE36B20ED666 /* Copy Pods Resources */ = {
			isa = PBXShellScriptBuildPhase;
			buildActionMask = 2147483647;
			files = (
			);
			inputPaths = (
			);
			name = "Copy Pods Resources";
			outputPaths = (
			);
			runOnlyForDeploymentPostprocessing = 0;
			shellPath = /bin/sh;
			shellScript = "\"${SRCROOT}/Pods/Target Support Files/Pods-WordpressTests/Pods-WordpressTests-resources.sh\"\n";
			showEnvVarsInLog = 0;
		};
		A99CD62551A08911909E70D4 /* Copy Pods Resources */ = {
			isa = PBXShellScriptBuildPhase;
			buildActionMask = 2147483647;
			files = (
			);
			inputPaths = (
			);
			name = "Copy Pods Resources";
			outputPaths = (
			);
			runOnlyForDeploymentPostprocessing = 0;
			shellPath = /bin/sh;
			shellScript = "\"${SRCROOT}/Pods/Target Support Files/Pods-Wordpress/Pods-Wordpress-resources.sh\"\n";
			showEnvVarsInLog = 0;
		};
		E87BAB596E3C57B904263D56 /* Check Pods Manifest.lock */ = {
			isa = PBXShellScriptBuildPhase;
			buildActionMask = 2147483647;
			files = (
			);
			inputPaths = (
			);
			name = "Check Pods Manifest.lock";
			outputPaths = (
			);
			runOnlyForDeploymentPostprocessing = 0;
			shellPath = /bin/sh;
			shellScript = "diff \"${PODS_ROOT}/../Podfile.lock\" \"${PODS_ROOT}/Manifest.lock\" > /dev/null\nif [[ $? != 0 ]] ; then\n    cat << EOM\nerror: The sandbox is not in sync with the Podfile.lock. Run 'pod install' or update your CocoaPods installation.\nEOM\n    exit 1\nfi\n";
			showEnvVarsInLog = 0;
		};
		FAC5565B00193165E72C9794 /* Check Pods Manifest.lock */ = {
			isa = PBXShellScriptBuildPhase;
			buildActionMask = 2147483647;
			files = (
			);
			inputPaths = (
			);
			name = "Check Pods Manifest.lock";
			outputPaths = (
			);
			runOnlyForDeploymentPostprocessing = 0;
			shellPath = /bin/sh;
			shellScript = "diff \"${PODS_ROOT}/../Podfile.lock\" \"${PODS_ROOT}/Manifest.lock\" > /dev/null\nif [[ $? != 0 ]] ; then\n    cat << EOM\nerror: The sandbox is not in sync with the Podfile.lock. Run 'pod install' or update your CocoaPods installation.\nEOM\n    exit 1\nfi\n";
			showEnvVarsInLog = 0;
		};
/* End PBXShellScriptBuildPhase section */

/* Begin PBXSourcesBuildPhase section */
		4757C4CF1A533EBC002AD7A2 /* Sources */ = {
			isa = PBXSourcesBuildPhase;
			buildActionMask = 2147483647;
			files = (
				4757C57C1A587DA3002AD7A2 /* WPPostCell.m in Sources */,
				4757C5141A53DC03002AD7A2 /* UIViewController+RACExtension.m in Sources */,
				476722CD1A617B2900B2F38B /* WPRouter+Posts.m in Sources */,
				4757C5171A53EC45002AD7A2 /* SDWebImageManager+RACExtension.m in Sources */,
				4757C5771A5849EF002AD7A2 /* NSString+RemovingHTMLElements.m in Sources */,
				471A6B2A1A5BF9B700BC7C6E /* UITableView+RACCommand.m in Sources */,
				4757C5091A534F2C002AD7A2 /* WPViewModel.m in Sources */,
				4757C56C1A5734C8002AD7A2 /* WPPostsItemViewModel.m in Sources */,
				4757C5101A535229002AD7A2 /* WPRouter.m in Sources */,
				4757C54F1A557A02002AD7A2 /* WPSplashViewModel.m in Sources */,
				4757C5461A554300002AD7A2 /* WPSite.m in Sources */,
				476722CA1A617AB000B2F38B /* WPRouter+Splash.m in Sources */,
				4757C5691A56D082002AD7A2 /* WPPost.m in Sources */,
				4757C4DC1A533EBC002AD7A2 /* AppDelegate.m in Sources */,
				4757C5001A534379002AD7A2 /* WPNavigationController.m in Sources */,
				471A6B1E1A594BD900BC7C6E /* WPPaginator.m in Sources */,
				471A6B0F1A59326200BC7C6E /* WPGetPostsRequest.m in Sources */,
				4757C5581A5580F7002AD7A2 /* WPGetSiteRequest.m in Sources */,
				4757C5251A54152B002AD7A2 /* WPSessionManager.m in Sources */,
				4757C54C1A556D66002AD7A2 /* WPClient.m in Sources */,
				4757C5321A547645002AD7A2 /* WPDefines.m in Sources */,
				4757C52E1A543884002AD7A2 /* WPSessionManager+Protected.m in Sources */,
				471A6B0C1A58818800BC7C6E /* UIFont+Factory.m in Sources */,
				4757C53D1A54943E002AD7A2 /* WPError.m in Sources */,
				471A6B261A5BF92D00BC7C6E /* WPPostsViewController.m in Sources */,
				4757C5661A56C871002AD7A2 /* WPUser.m in Sources */,
				4757C50C1A534F74002AD7A2 /* WPViewModel+Friend.m in Sources */,
				4757C4D91A533EBC002AD7A2 /* main.m in Sources */,
				4757C5401A5496A7002AD7A2 /* WPModel.m in Sources */,
				4757C5721A5734F4002AD7A2 /* NSDictionary+RemovingNull.m in Sources */,
				4757C52B1A542EB9002AD7A2 /* WPObjectsSerializer.m in Sources */,
				4757C55C1A55CB9F002AD7A2 /* WPSplashViewController.m in Sources */,
				471A6B131A5935BE00BC7C6E /* WPPostsResponse.m in Sources */,
				471A6B161A593ECA00BC7C6E /* WPPostsViewModel.m in Sources */,
				4757C5491A554C54002AD7A2 /* NSValueTransformer+Factory.m in Sources */,
				4757C51D1A540661002AD7A2 /* AFURLSessionManager+RACExtension.m in Sources */,
				4757C5711A5734F4002AD7A2 /* NSArray+RemovingNull.m in Sources */,
				4757C5281A541662002AD7A2 /* WPRequest.m in Sources */,
			);
			runOnlyForDeploymentPostprocessing = 0;
		};
		4757C4E81A533EBC002AD7A2 /* Sources */ = {
			isa = PBXSourcesBuildPhase;
			buildActionMask = 2147483647;
			files = (
				471A6B201A594C4700BC7C6E /* WPPaginatorTests.m in Sources */,
				4757C5541A557D6C002AD7A2 /* WPSplashViewModelTests.m in Sources */,
				4757C5741A584135002AD7A2 /* WPPostsItemViewModelTests.m in Sources */,
				4757C5521A557BE8002AD7A2 /* TestAppDelegate.m in Sources */,
				471A6B221A5BE37D00BC7C6E /* WPPostsViewModelTests.m in Sources */,
			);
			runOnlyForDeploymentPostprocessing = 0;
		};
/* End PBXSourcesBuildPhase section */

/* Begin PBXTargetDependency section */
		4757C4EE1A533EBC002AD7A2 /* PBXTargetDependency */ = {
			isa = PBXTargetDependency;
			target = 4757C4D21A533EBC002AD7A2 /* Wordpress */;
			targetProxy = 4757C4ED1A533EBC002AD7A2 /* PBXContainerItemProxy */;
		};
/* End PBXTargetDependency section */

/* Begin PBXVariantGroup section */
		4757C4E51A533EBC002AD7A2 /* LaunchScreen.xib */ = {
			isa = PBXVariantGroup;
			children = (
				4757C4E61A533EBC002AD7A2 /* Base */,
			);
			name = LaunchScreen.xib;
			sourceTree = "<group>";
		};
/* End PBXVariantGroup section */

/* Begin XCBuildConfiguration section */
		4757C4F41A533EBC002AD7A2 /* Debug */ = {
			isa = XCBuildConfiguration;
			buildSettings = {
				ALWAYS_SEARCH_USER_PATHS = NO;
				CLANG_CXX_LANGUAGE_STANDARD = "gnu++0x";
				CLANG_CXX_LIBRARY = "libc++";
				CLANG_ENABLE_MODULES = YES;
				CLANG_ENABLE_OBJC_ARC = YES;
				CLANG_WARN_BOOL_CONVERSION = YES;
				CLANG_WARN_CONSTANT_CONVERSION = YES;
				CLANG_WARN_DIRECT_OBJC_ISA_USAGE = YES_ERROR;
				CLANG_WARN_EMPTY_BODY = YES;
				CLANG_WARN_ENUM_CONVERSION = YES;
				CLANG_WARN_INT_CONVERSION = YES;
				CLANG_WARN_OBJC_ROOT_CLASS = YES_ERROR;
				CLANG_WARN_UNREACHABLE_CODE = YES;
				CLANG_WARN__DUPLICATE_METHOD_MATCH = YES;
				"CODE_SIGN_IDENTITY[sdk=iphoneos*]" = "iPhone Developer";
				COPY_PHASE_STRIP = NO;
				ENABLE_STRICT_OBJC_MSGSEND = YES;
				GCC_C_LANGUAGE_STANDARD = gnu99;
				GCC_DYNAMIC_NO_PIC = NO;
				GCC_OPTIMIZATION_LEVEL = 0;
				GCC_PREPROCESSOR_DEFINITIONS = (
					"DEBUG=1",
					"$(inherited)",
				);
				GCC_SYMBOLS_PRIVATE_EXTERN = NO;
				GCC_WARN_64_TO_32_BIT_CONVERSION = YES;
				GCC_WARN_ABOUT_RETURN_TYPE = YES_ERROR;
				GCC_WARN_UNDECLARED_SELECTOR = YES;
				GCC_WARN_UNINITIALIZED_AUTOS = YES_AGGRESSIVE;
				GCC_WARN_UNUSED_FUNCTION = YES;
				GCC_WARN_UNUSED_VARIABLE = YES;
				IPHONEOS_DEPLOYMENT_TARGET = 8.1;
				MTL_ENABLE_DEBUG_INFO = YES;
				ONLY_ACTIVE_ARCH = YES;
				SDKROOT = iphoneos;
			};
			name = Debug;
		};
		4757C4F51A533EBC002AD7A2 /* Release */ = {
			isa = XCBuildConfiguration;
			buildSettings = {
				ALWAYS_SEARCH_USER_PATHS = NO;
				CLANG_CXX_LANGUAGE_STANDARD = "gnu++0x";
				CLANG_CXX_LIBRARY = "libc++";
				CLANG_ENABLE_MODULES = YES;
				CLANG_ENABLE_OBJC_ARC = YES;
				CLANG_WARN_BOOL_CONVERSION = YES;
				CLANG_WARN_CONSTANT_CONVERSION = YES;
				CLANG_WARN_DIRECT_OBJC_ISA_USAGE = YES_ERROR;
				CLANG_WARN_EMPTY_BODY = YES;
				CLANG_WARN_ENUM_CONVERSION = YES;
				CLANG_WARN_INT_CONVERSION = YES;
				CLANG_WARN_OBJC_ROOT_CLASS = YES_ERROR;
				CLANG_WARN_UNREACHABLE_CODE = YES;
				CLANG_WARN__DUPLICATE_METHOD_MATCH = YES;
				"CODE_SIGN_IDENTITY[sdk=iphoneos*]" = "iPhone Developer";
				COPY_PHASE_STRIP = YES;
				ENABLE_NS_ASSERTIONS = NO;
				ENABLE_STRICT_OBJC_MSGSEND = YES;
				GCC_C_LANGUAGE_STANDARD = gnu99;
				GCC_WARN_64_TO_32_BIT_CONVERSION = YES;
				GCC_WARN_ABOUT_RETURN_TYPE = YES_ERROR;
				GCC_WARN_UNDECLARED_SELECTOR = YES;
				GCC_WARN_UNINITIALIZED_AUTOS = YES_AGGRESSIVE;
				GCC_WARN_UNUSED_FUNCTION = YES;
				GCC_WARN_UNUSED_VARIABLE = YES;
				IPHONEOS_DEPLOYMENT_TARGET = 8.1;
				MTL_ENABLE_DEBUG_INFO = NO;
				SDKROOT = iphoneos;
				VALIDATE_PRODUCT = YES;
			};
			name = Release;
		};
		4757C4F71A533EBC002AD7A2 /* Debug */ = {
			isa = XCBuildConfiguration;
			baseConfigurationReference = D6E17668CEA29657512D7E7C /* Pods-Wordpress.debug.xcconfig */;
			buildSettings = {
				ASSETCATALOG_COMPILER_APPICON_NAME = AppIcon;
				GCC_PRECOMPILE_PREFIX_HEADER = YES;
				GCC_PREFIX_HEADER = "Wordpress/Wordpress-Prefix.pch";
				INFOPLIST_FILE = Wordpress/Info.plist;
				LD_RUNPATH_SEARCH_PATHS = "$(inherited) @executable_path/Frameworks";
				PRODUCT_NAME = "$(TARGET_NAME)";
			};
			name = Debug;
		};
		4757C4F81A533EBC002AD7A2 /* Release */ = {
			isa = XCBuildConfiguration;
			baseConfigurationReference = F23A3ADAA0C46EF1B7C2FCE6 /* Pods-Wordpress.release.xcconfig */;
			buildSettings = {
				ASSETCATALOG_COMPILER_APPICON_NAME = AppIcon;
				GCC_PRECOMPILE_PREFIX_HEADER = YES;
				GCC_PREFIX_HEADER = "Wordpress/Wordpress-Prefix.pch";
				INFOPLIST_FILE = Wordpress/Info.plist;
				LD_RUNPATH_SEARCH_PATHS = "$(inherited) @executable_path/Frameworks";
				PRODUCT_NAME = "$(TARGET_NAME)";
			};
			name = Release;
		};
		4757C4FA1A533EBC002AD7A2 /* Debug */ = {
			isa = XCBuildConfiguration;
			baseConfigurationReference = ADA8E31BA11BE7095F813C1F /* Pods-WordpressTests.debug.xcconfig */;
			buildSettings = {
				BUNDLE_LOADER = "$(TEST_HOST)";
				FRAMEWORK_SEARCH_PATHS = (
					"$(SDKROOT)/Developer/Library/Frameworks",
					"$(inherited)",
				);
				GCC_PREPROCESSOR_DEFINITIONS = (
					"DEBUG=1",
					"$(inherited)",
				);
				INFOPLIST_FILE = WordpressTests/Info.plist;
				LD_RUNPATH_SEARCH_PATHS = "$(inherited) @executable_path/Frameworks @loader_path/Frameworks";
				PRODUCT_NAME = "$(TARGET_NAME)";
				TEST_HOST = "$(BUILT_PRODUCTS_DIR)/Wordpress.app/Wordpress";
			};
			name = Debug;
		};
		4757C4FB1A533EBC002AD7A2 /* Release */ = {
			isa = XCBuildConfiguration;
			baseConfigurationReference = 4C0F093EBB11579D5EE8DEA0 /* Pods-WordpressTests.release.xcconfig */;
			buildSettings = {
				BUNDLE_LOADER = "$(TEST_HOST)";
				FRAMEWORK_SEARCH_PATHS = (
					"$(SDKROOT)/Developer/Library/Frameworks",
					"$(inherited)",
				);
				INFOPLIST_FILE = WordpressTests/Info.plist;
				LD_RUNPATH_SEARCH_PATHS = "$(inherited) @executable_path/Frameworks @loader_path/Frameworks";
				PRODUCT_NAME = "$(TARGET_NAME)";
				TEST_HOST = "$(BUILT_PRODUCTS_DIR)/Wordpress.app/Wordpress";
			};
			name = Release;
		};
/* End XCBuildConfiguration section */

/* Begin XCConfigurationList section */
		4757C4CE1A533EBB002AD7A2 /* Build configuration list for PBXProject "Wordpress" */ = {
			isa = XCConfigurationList;
			buildConfigurations = (
				4757C4F41A533EBC002AD7A2 /* Debug */,
				4757C4F51A533EBC002AD7A2 /* Release */,
			);
			defaultConfigurationIsVisible = 0;
			defaultConfigurationName = Release;
		};
		4757C4F61A533EBC002AD7A2 /* Build configuration list for PBXNativeTarget "Wordpress" */ = {
			isa = XCConfigurationList;
			buildConfigurations = (
				4757C4F71A533EBC002AD7A2 /* Debug */,
				4757C4F81A533EBC002AD7A2 /* Release */,
			);
			defaultConfigurationIsVisible = 0;
			defaultConfigurationName = Release;
		};
		4757C4F91A533EBC002AD7A2 /* Build configuration list for PBXNativeTarget "WordpressTests" */ = {
			isa = XCConfigurationList;
			buildConfigurations = (
				4757C4FA1A533EBC002AD7A2 /* Debug */,
				4757C4FB1A533EBC002AD7A2 /* Release */,
			);
			defaultConfigurationIsVisible = 0;
			defaultConfigurationName = Release;
		};
/* End XCConfigurationList section */
	};
	rootObject = 4757C4CB1A533EBB002AD7A2 /* Project object */;
}
